
Microsoft Visual Studio Solution File, Format Version 12.00
# Visual Studio Version 17
VisualStudioVersion = 17.0.31903.59
MinimumVisualStudioVersion = 10.0.40219.1
Project("{2150E333-8FDC-42A3-9474-1A3956D46DE8}") = "src", "src", "{C1F40907-9148-4205-8544-9BA1D56372FB}"
EndProject
Project("{2150E333-8FDC-42A3-9474-1A3956D46DE8}") = "services", "services", "{538E3224-205D-492F-8CF3-AF25BF938101}"
EndProject
Project("{2150E333-8FDC-42A3-9474-1A3956D46DE8}") = "inventory", "inventory", "{889D966A-CDCE-4801-ACEC-B1018F9EFA7A}"
EndProject
Project("{FAE04EC0-301F-11D3-BF4B-00C04F79EFBC}") = "Inventory.Api", "src\services\inventory\Inventory.Api\Inventory.Api.csproj", "{F95AEB64-B696-4C7C-BBBF-CE085D6A9DC7}"
EndProject
Project("{FAE04EC0-301F-11D3-BF4B-00C04F79EFBC}") = "Inventory.Data", "src\services\inventory\Inventory.Data\Inventory.Data.csproj", "{3FE4D90B-0630-47D6-B1DF-604D9FD4DC9A}"
EndProject
Project("{FAE04EC0-301F-11D3-BF4B-00C04F79EFBC}") = "Inventory.Domain", "src\services\inventory\Inventory.Domain\Inventory.Domain.csproj", "{DB92BA77-03C8-41D6-A290-0FB24D2E445A}"
EndProject
Project("{FAE04EC0-301F-11D3-BF4B-00C04F79EFBC}") = "Inventory.Infrastructure", "src\services\inventory\Inventory.Infrastructure\Inventory.Infrastructure.csproj", "{41153785-9FB0-499A-B6B2-DF5D5137D492}"
EndProject
Project("{2150E333-8FDC-42A3-9474-1A3956D46DE8}") = "shared", "shared", "{68DBB61C-71FB-49EC-908A-BDEED69E1733}"
EndProject
Project("{FAE04EC0-301F-11D3-BF4B-00C04F79EFBC}") = "Shared.Common", "src\services\shared\Shared.Common\Shared.Common.csproj", "{D4E1CEED-6535-44D2-B563-D238100B2DA8}"
EndProject
Project("{FAE04EC0-301F-11D3-BF4B-00C04F79EFBC}") = "Shared.Data", "src\services\shared\Shared.Data\Shared.Data.csproj", "{9C4304EA-83F2-41FD-A9AF-89F2D126696D}"
EndProject
Project("{FAE04EC0-301F-11D3-BF4B-00C04F79EFBC}") = "Shared.Libs", "src\services\shared\Shared.Libs\Shared.Libs.csproj", "{87D683C4-438A-4013-8EB1-1211E3C6242B}"
EndProject
Global
	GlobalSection(SolutionConfigurationPlatforms) = preSolution
		Debug|Any CPU = Debug|Any CPU
		Release|Any CPU = Release|Any CPU
	EndGlobalSection
	GlobalSection(SolutionProperties) = preSolution
		HideSolutionNode = FALSE
	EndGlobalSection
	GlobalSection(ProjectConfigurationPlatforms) = postSolution
		{F95AEB64-B696-4C7C-BBBF-CE085D6A9DC7}.Debug|Any CPU.ActiveCfg = Debug|Any CPU
		{F95AEB64-B696-4C7C-BBBF-CE085D6A9DC7}.Debug|Any CPU.Build.0 = Debug|Any CPU
		{F95AEB64-B696-4C7C-BBBF-CE085D6A9DC7}.Release|Any CPU.ActiveCfg = Release|Any CPU
		{F95AEB64-B696-4C7C-BBBF-CE085D6A9DC7}.Release|Any CPU.Build.0 = Release|Any CPU
		{3FE4D90B-0630-47D6-B1DF-604D9FD4DC9A}.Debug|Any CPU.ActiveCfg = Debug|Any CPU
		{3FE4D90B-0630-47D6-B1DF-604D9FD4DC9A}.Debug|Any CPU.Build.0 = Debug|Any CPU
		{3FE4D90B-0630-47D6-B1DF-604D9FD4DC9A}.Release|Any CPU.ActiveCfg = Release|Any CPU
		{3FE4D90B-0630-47D6-B1DF-604D9FD4DC9A}.Release|Any CPU.Build.0 = Release|Any CPU
		{DB92BA77-03C8-41D6-A290-0FB24D2E445A}.Debug|Any CPU.ActiveCfg = Debug|Any CPU
		{DB92BA77-03C8-41D6-A290-0FB24D2E445A}.Debug|Any CPU.Build.0 = Debug|Any CPU
		{DB92BA77-03C8-41D6-A290-0FB24D2E445A}.Release|Any CPU.ActiveCfg = Release|Any CPU
		{DB92BA77-03C8-41D6-A290-0FB24D2E445A}.Release|Any CPU.Build.0 = Release|Any CPU
		{D4E1CEED-6535-44D2-B563-D238100B2DA8}.Debug|Any CPU.ActiveCfg = Debug|Any CPU
		{D4E1CEED-6535-44D2-B563-D238100B2DA8}.Debug|Any CPU.Build.0 = Debug|Any CPU
		{D4E1CEED-6535-44D2-B563-D238100B2DA8}.Release|Any CPU.ActiveCfg = Release|Any CPU
		{D4E1CEED-6535-44D2-B563-D238100B2DA8}.Release|Any CPU.Build.0 = Release|Any CPU
		{9C4304EA-83F2-41FD-A9AF-89F2D126696D}.Debug|Any CPU.ActiveCfg = Debug|Any CPU
		{9C4304EA-83F2-41FD-A9AF-89F2D126696D}.Debug|Any CPU.Build.0 = Debug|Any CPU
		{9C4304EA-83F2-41FD-A9AF-89F2D126696D}.Release|Any CPU.ActiveCfg = Release|Any CPU
		{9C4304EA-83F2-41FD-A9AF-89F2D126696D}.Release|Any CPU.Build.0 = Release|Any CPU
		{87D683C4-438A-4013-8EB1-1211E3C6242B}.Debug|Any CPU.ActiveCfg = Debug|Any CPU
		{87D683C4-438A-4013-8EB1-1211E3C6242B}.Debug|Any CPU.Build.0 = Debug|Any CPU
		{87D683C4-438A-4013-8EB1-1211E3C6242B}.Release|Any CPU.ActiveCfg = Release|Any CPU
		{87D683C4-438A-4013-8EB1-1211E3C6242B}.Release|Any CPU.Build.0 = Release|Any CPU
		{41153785-9FB0-499A-B6B2-DF5D5137D492}.Debug|Any CPU.ActiveCfg = Debug|Any CPU
		{41153785-9FB0-499A-B6B2-DF5D5137D492}.Debug|Any CPU.Build.0 = Debug|Any CPU
		{41153785-9FB0-499A-B6B2-DF5D5137D492}.Release|Any CPU.ActiveCfg = Release|Any CPU
		{41153785-9FB0-499A-B6B2-DF5D5137D492}.Release|Any CPU.Build.0 = Release|Any CPU
	EndGlobalSection
	GlobalSection(NestedProjects) = preSolution
		{538E3224-205D-492F-8CF3-AF25BF938101} = {C1F40907-9148-4205-8544-9BA1D56372FB}
		{889D966A-CDCE-4801-ACEC-B1018F9EFA7A} = {538E3224-205D-492F-8CF3-AF25BF938101}
		{F95AEB64-B696-4C7C-BBBF-CE085D6A9DC7} = {889D966A-CDCE-4801-ACEC-B1018F9EFA7A}
		{3FE4D90B-0630-47D6-B1DF-604D9FD4DC9A} = {889D966A-CDCE-4801-ACEC-B1018F9EFA7A}
		{DB92BA77-03C8-41D6-A290-0FB24D2E445A} = {889D966A-CDCE-4801-ACEC-B1018F9EFA7A}
		{68DBB61C-71FB-49EC-908A-BDEED69E1733} = {538E3224-205D-492F-8CF3-AF25BF938101}
		{D4E1CEED-6535-44D2-B563-D238100B2DA8} = {68DBB61C-71FB-49EC-908A-BDEED69E1733}
		{9C4304EA-83F2-41FD-A9AF-89F2D126696D} = {68DBB61C-71FB-49EC-908A-BDEED69E1733}
		{87D683C4-438A-4013-8EB1-1211E3C6242B} = {68DBB61C-71FB-49EC-908A-BDEED69E1733}
		{41153785-9FB0-499A-B6B2-DF5D5137D492} = {889D966A-CDCE-4801-ACEC-B1018F9EFA7A}
	EndGlobalSection
EndGlobal
