
Microsoft Visual Studio Solution File, Format Version 12.00
# Visual Studio Version 17
VisualStudioVersion = 17.0.31903.59
MinimumVisualStudioVersion = 10.0.40219.1
Project("{2150E333-8FDC-42A3-9474-1A3956D46DE8}") = "services", "services", "{F1FB240F-8CBF-4E6D-8856-94A3EE6F1381}"
EndProject
Project("{2150E333-8FDC-42A3-9474-1A3956D46DE8}") = "products", "products", "{CD3B8B2B-E75C-4A95-8033-A8348CE7F6A6}"
EndProject
Project("{FAE04EC0-301F-11D3-BF4B-00C04F79EFBC}") = "PRODUCTS.API", "services\products\PRODUCTS.API\PRODUCTS.API.csproj", "{A9B18AB9-30E8-4560-B653-F9853480A259}"
EndProject
Project("{FAE04EC0-301F-11D3-BF4B-00C04F79EFBC}") = "PRODUCTS.Domain", "services\products\PRODUCTS.Domain\PRODUCTS.Domain.csproj", "{6AC7DEF7-0FA0-4945-BB5B-19551820C18F}"
EndProject
Project("{FAE04EC0-301F-11D3-BF4B-00C04F79EFBC}") = "PRODUCTS.Infrastructure", "services\products\PRODUCTS.Infrastructure\PRODUCTS.Infrastructure.csproj", "{8F4C697E-9186-4E39-AF3F-C2599838235C}"
EndProject
Project("{2150E333-8FDC-42A3-9474-1A3956D46DE8}") = "shared", "shared", "{392C13FA-BF3E-40FF-9805-E5B3E061E532}"
EndProject
Project("{FAE04EC0-301F-11D3-BF4B-00C04F79EFBC}") = "Shared.Common", "services\shared\Shared.Common\Shared.Common.csproj", "{35E2ED27-2A18-4C8F-8734-3B888734F2DC}"
EndProject
Project("{FAE04EC0-301F-11D3-BF4B-00C04F79EFBC}") = "Shared.Integration", "services\shared\Shared.Integration\Shared.Integration.csproj", "{D86E9513-9839-47D4-9AF0-F3828E6EBE08}"
EndProject
Project("{FAE04EC0-301F-11D3-BF4B-00C04F79EFBC}") = "Shared.Libs", "services\shared\Shared.Libs\Shared.Libs.csproj", "{F42860EB-2C3C-498D-A239-F16FB485E612}"
EndProject
Global
	GlobalSection(SolutionConfigurationPlatforms) = preSolution
		Debug|Any CPU = Debug|Any CPU
		Release|Any CPU = Release|Any CPU
	EndGlobalSection
	GlobalSection(SolutionProperties) = preSolution
		HideSolutionNode = FALSE
	EndGlobalSection
	GlobalSection(ProjectConfigurationPlatforms) = postSolution
		{A9B18AB9-30E8-4560-B653-F9853480A259}.Debug|Any CPU.ActiveCfg = Debug|Any CPU
		{A9B18AB9-30E8-4560-B653-F9853480A259}.Debug|Any CPU.Build.0 = Debug|Any CPU
		{A9B18AB9-30E8-4560-B653-F9853480A259}.Release|Any CPU.ActiveCfg = Release|Any CPU
		{A9B18AB9-30E8-4560-B653-F9853480A259}.Release|Any CPU.Build.0 = Release|Any CPU
		{6AC7DEF7-0FA0-4945-BB5B-19551820C18F}.Debug|Any CPU.ActiveCfg = Debug|Any CPU
		{6AC7DEF7-0FA0-4945-BB5B-19551820C18F}.Debug|Any CPU.Build.0 = Debug|Any CPU
		{6AC7DEF7-0FA0-4945-BB5B-19551820C18F}.Release|Any CPU.ActiveCfg = Release|Any CPU
		{6AC7DEF7-0FA0-4945-BB5B-19551820C18F}.Release|Any CPU.Build.0 = Release|Any CPU
		{8F4C697E-9186-4E39-AF3F-C2599838235C}.Debug|Any CPU.ActiveCfg = Debug|Any CPU
		{8F4C697E-9186-4E39-AF3F-C2599838235C}.Debug|Any CPU.Build.0 = Debug|Any CPU
		{8F4C697E-9186-4E39-AF3F-C2599838235C}.Release|Any CPU.ActiveCfg = Release|Any CPU
		{8F4C697E-9186-4E39-AF3F-C2599838235C}.Release|Any CPU.Build.0 = Release|Any CPU
		{35E2ED27-2A18-4C8F-8734-3B888734F2DC}.Debug|Any CPU.ActiveCfg = Debug|Any CPU
		{35E2ED27-2A18-4C8F-8734-3B888734F2DC}.Debug|Any CPU.Build.0 = Debug|Any CPU
		{35E2ED27-2A18-4C8F-8734-3B888734F2DC}.Release|Any CPU.ActiveCfg = Release|Any CPU
		{35E2ED27-2A18-4C8F-8734-3B888734F2DC}.Release|Any CPU.Build.0 = Release|Any CPU
		{D86E9513-9839-47D4-9AF0-F3828E6EBE08}.Debug|Any CPU.ActiveCfg = Debug|Any CPU
		{D86E9513-9839-47D4-9AF0-F3828E6EBE08}.Debug|Any CPU.Build.0 = Debug|Any CPU
		{D86E9513-9839-47D4-9AF0-F3828E6EBE08}.Release|Any CPU.ActiveCfg = Release|Any CPU
		{D86E9513-9839-47D4-9AF0-F3828E6EBE08}.Release|Any CPU.Build.0 = Release|Any CPU
		{F42860EB-2C3C-498D-A239-F16FB485E612}.Debug|Any CPU.ActiveCfg = Debug|Any CPU
		{F42860EB-2C3C-498D-A239-F16FB485E612}.Debug|Any CPU.Build.0 = Debug|Any CPU
		{F42860EB-2C3C-498D-A239-F16FB485E612}.Release|Any CPU.ActiveCfg = Release|Any CPU
		{F42860EB-2C3C-498D-A239-F16FB485E612}.Release|Any CPU.Build.0 = Release|Any CPU
	EndGlobalSection
	GlobalSection(NestedProjects) = preSolution
		{CD3B8B2B-E75C-4A95-8033-A8348CE7F6A6} = {F1FB240F-8CBF-4E6D-8856-94A3EE6F1381}
		{A9B18AB9-30E8-4560-B653-F9853480A259} = {CD3B8B2B-E75C-4A95-8033-A8348CE7F6A6}
		{6AC7DEF7-0FA0-4945-BB5B-19551820C18F} = {CD3B8B2B-E75C-4A95-8033-A8348CE7F6A6}
		{8F4C697E-9186-4E39-AF3F-C2599838235C} = {CD3B8B2B-E75C-4A95-8033-A8348CE7F6A6}
		{392C13FA-BF3E-40FF-9805-E5B3E061E532} = {F1FB240F-8CBF-4E6D-8856-94A3EE6F1381}
		{35E2ED27-2A18-4C8F-8734-3B888734F2DC} = {392C13FA-BF3E-40FF-9805-E5B3E061E532}
		{D86E9513-9839-47D4-9AF0-F3828E6EBE08} = {392C13FA-BF3E-40FF-9805-E5B3E061E532}
		{F42860EB-2C3C-498D-A239-F16FB485E612} = {392C13FA-BF3E-40FF-9805-E5B3E061E532}
	EndGlobalSection
EndGlobal
