# This file is generated by running "yarn install" inside your project.
# Manual changes might be lost - proceed with caution!

__metadata:
  version: 6
  cacheKey: 8

"@faker-js/faker@npm:^8.1.0":
  version: 8.1.0
  resolution: "@faker-js/faker@npm:8.1.0"
  checksum: 76036cbad2f0735fe2a2834bb3e16233e7c1aa4998cf90dbd097631465f3fcd4e7022c901f80b6de1c25b47154880f06916609a81dacb039a25f9cb000a3ab4e
  languageName: node
  linkType: hard

"@types/lodash@npm:^4.14.199":
  version: 4.14.199
  resolution: "@types/lodash@npm:4.14.199"
  checksum: e68d1fcbbfce953ed87b296a628573f62939227bcda0c934954e862b421e8a34c5e71cad6fea27b9980567909e6a4698f09025692958e36d64ea9ed99ec6fb2e
  languageName: node
  linkType: hard

"@types/node@npm:^20.8.2":
  version: 20.8.2
  resolution: "@types/node@npm:20.8.2"
  checksum: 3da73e25d821bfcdb7de98589027e08bb4848e55408671c4a83ec0341e124b5313a0b20e1e4b4eff1168ea17a86f622ad73fcb04b761abd77496b9a27cbd5de5
  languageName: node
  linkType: hard

"csv-parser@npm:^3.0.0":
  version: 3.0.0
  resolution: "csv-parser@npm:3.0.0"
  dependencies:
    minimist: ^1.2.0
  bin:
    csv-parser: bin/csv-parser
  checksum: adc9d67d9f185249825570778c24d13004625301655330f6b735a052b9fdfbe1a239a014afb1f89939e0626ee573718f71f9f14164db7c17e4bcb2f38d6a162b
  languageName: node
  linkType: hard

"data-faker@workspace:.":
  version: 0.0.0-use.local
  resolution: "data-faker@workspace:."
  dependencies:
    "@faker-js/faker": ^8.1.0
    "@types/lodash": ^4.14.199
    "@types/node": ^20.8.2
    csv-parser: ^3.0.0
    lodash: ^4.17.21
  languageName: unknown
  linkType: soft

"lodash@npm:^4.17.21":
  version: 4.17.21
  resolution: "lodash@npm:4.17.21"
  checksum: eb835a2e51d381e561e508ce932ea50a8e5a68f4ebdd771ea240d3048244a8d13658acbd502cd4829768c56f2e16bdd4340b9ea141297d472517b83868e677f7
  languageName: node
  linkType: hard

"minimist@npm:^1.2.0":
  version: 1.2.8
  resolution: "minimist@npm:1.2.8"
  checksum: 75a6d645fb122dad29c06a7597bddea977258957ed88d7a6df59b5cd3fe4a527e253e9bbf2e783e4b73657f9098b96a5fe96ab8a113655d4109108577ecf85b0
  languageName: node
  linkType: hard
